
Microsoft Visual Studio Solution File, Format Version 12.00
# Visual Studio 14
VisualStudioVersion = 14.0.23107.0
MinimumVisualStudioVersion = 10.0.40219.1
Project("{FAE04EC0-301F-11D3-BF4B-00C04F79EFBC}") = "RPFS_AllstarTracker", "RPFS_AllstarTracker\RPFS_AllstarTracker.csproj", "{08BFCB93-4FC6-4100-A65E-A859C313001F}"
EndProject
Project("{FAE04EC0-301F-11D3-BF4B-00C04F79EFBC}") = "DataAccessLayer", "DataAccessLayer\DataAccessLayer.csproj", "{2FD0F8AD-B15D-400F-BF8A-98EC2FC84F58}"
EndProject
Project("{FAE04EC0-301F-11D3-BF4B-00C04F79EFBC}") = "RPFS", "RPFS\RPFS.csproj", "{54DF0665-345C-4F67-AD15-EA3B98E3B8AA}"
EndProject
Global
	GlobalSection(SolutionConfigurationPlatforms) = preSolution
		Debug|Any CPU = Debug|Any CPU
		Release|Any CPU = Release|Any CPU
	EndGlobalSection
	GlobalSection(ProjectConfigurationPlatforms) = postSolution
		{08BFCB93-4FC6-4100-A65E-A859C313001F}.Debug|Any CPU.ActiveCfg = Debug|Any CPU
		{08BFCB93-4FC6-4100-A65E-A859C313001F}.Debug|Any CPU.Build.0 = Debug|Any CPU
		{08BFCB93-4FC6-4100-A65E-A859C313001F}.Release|Any CPU.ActiveCfg = Release|Any CPU
		{08BFCB93-4FC6-4100-A65E-A859C313001F}.Release|Any CPU.Build.0 = Release|Any CPU
		{2FD0F8AD-B15D-400F-BF8A-98EC2FC84F58}.Debug|Any CPU.ActiveCfg = Debug|Any CPU
		{2FD0F8AD-B15D-400F-BF8A-98EC2FC84F58}.Debug|Any CPU.Build.0 = Debug|Any CPU
		{2FD0F8AD-B15D-400F-BF8A-98EC2FC84F58}.Release|Any CPU.ActiveCfg = Release|Any CPU
		{2FD0F8AD-B15D-400F-BF8A-98EC2FC84F58}.Release|Any CPU.Build.0 = Release|Any CPU
		{54DF0665-345C-4F67-AD15-EA3B98E3B8AA}.Debug|Any CPU.ActiveCfg = Debug|Any CPU
		{54DF0665-345C-4F67-AD15-EA3B98E3B8AA}.Debug|Any CPU.Build.0 = Debug|Any CPU
		{54DF0665-345C-4F67-AD15-EA3B98E3B8AA}.Release|Any CPU.ActiveCfg = Release|Any CPU
		{54DF0665-345C-4F67-AD15-EA3B98E3B8AA}.Release|Any CPU.Build.0 = Release|Any CPU
	EndGlobalSection
	GlobalSection(SolutionProperties) = preSolution
		HideSolutionNode = FALSE
	EndGlobalSection
EndGlobal
