
Microsoft Visual Studio Solution File, Format Version 12.00
# Visual Studio 14
VisualStudioVersion = 14.0.23107.0
MinimumVisualStudioVersion = 10.0.40219.1
Project("{FAE04EC0-301F-11D3-BF4B-00C04F79EFBC}") = "Drafter", "Drafter\Drafter.csproj", "{19D27E24-F91C-4927-BE9A-4C9183E17175}"
EndProject
Project("{FAE04EC0-301F-11D3-BF4B-00C04F79EFBC}") = "DataAccessLayer", "DataAccessLayer\DataAccessLayer.csproj", "{2FD0F8AD-B15D-400F-BF8A-98EC2FC84F58}"
EndProject
Project("{FAE04EC0-301F-11D3-BF4B-00C04F79EFBC}") = "RPFS", "RPFS\RPFS.csproj", "{54DF0665-345C-4F67-AD15-EA3B98E3B8AA}"
EndProject
Project("{FAE04EC0-301F-11D3-BF4B-00C04F79EFBC}") = "Sandbox", "Sandbox\Sandbox.csproj", "{C3C8D654-103B-4D07-A337-6BA688C4E41D}"
EndProject
Global
	GlobalSection(SolutionConfigurationPlatforms) = preSolution
		Debug|Any CPU = Debug|Any CPU
		Release|Any CPU = Release|Any CPU
	EndGlobalSection
	GlobalSection(ProjectConfigurationPlatforms) = postSolution
		{19D27E24-F91C-4927-BE9A-4C9183E17175}.Debug|Any CPU.ActiveCfg = Debug|Any CPU
		{19D27E24-F91C-4927-BE9A-4C9183E17175}.Debug|Any CPU.Build.0 = Debug|Any CPU
		{19D27E24-F91C-4927-BE9A-4C9183E17175}.Release|Any CPU.ActiveCfg = Release|Any CPU
		{19D27E24-F91C-4927-BE9A-4C9183E17175}.Release|Any CPU.Build.0 = Release|Any CPU
		{2FD0F8AD-B15D-400F-BF8A-98EC2FC84F58}.Debug|Any CPU.ActiveCfg = Debug|Any CPU
		{2FD0F8AD-B15D-400F-BF8A-98EC2FC84F58}.Debug|Any CPU.Build.0 = Debug|Any CPU
		{2FD0F8AD-B15D-400F-BF8A-98EC2FC84F58}.Release|Any CPU.ActiveCfg = Release|Any CPU
		{2FD0F8AD-B15D-400F-BF8A-98EC2FC84F58}.Release|Any CPU.Build.0 = Release|Any CPU
		{54DF0665-345C-4F67-AD15-EA3B98E3B8AA}.Debug|Any CPU.ActiveCfg = Debug|Any CPU
		{54DF0665-345C-4F67-AD15-EA3B98E3B8AA}.Debug|Any CPU.Build.0 = Debug|Any CPU
		{54DF0665-345C-4F67-AD15-EA3B98E3B8AA}.Release|Any CPU.ActiveCfg = Release|Any CPU
		{54DF0665-345C-4F67-AD15-EA3B98E3B8AA}.Release|Any CPU.Build.0 = Release|Any CPU
		{C3C8D654-103B-4D07-A337-6BA688C4E41D}.Debug|Any CPU.ActiveCfg = Debug|Any CPU
		{C3C8D654-103B-4D07-A337-6BA688C4E41D}.Debug|Any CPU.Build.0 = Debug|Any CPU
		{C3C8D654-103B-4D07-A337-6BA688C4E41D}.Release|Any CPU.ActiveCfg = Release|Any CPU
		{C3C8D654-103B-4D07-A337-6BA688C4E41D}.Release|Any CPU.Build.0 = Release|Any CPU
	EndGlobalSection
	GlobalSection(SolutionProperties) = preSolution
		HideSolutionNode = FALSE
	EndGlobalSection
EndGlobal
